
Microsoft Visual Studio Solution File, Format Version 12.00
# Visual Studio Version 16
VisualStudioVersion = 16.0.30114.105
MinimumVisualStudioVersion = 10.0.40219.1
Project("{FAE04EC0-301F-11D3-BF4B-00C04F79EFBC}") = "GamePlayer", "GamePlayer\GamePlayer.csproj", "{7B3C8E94-05A0-4449-9CCA-5B11B50C022E}"
EndProject
Project("{FAE04EC0-301F-11D3-BF4B-00C04F79EFBC}") = "GamePlayer.Tests", "GamePlayer.Tests\GamePlayer.Tests.csproj", "{D4F6912B-B11D-4422-AAC9-DD3AFC6BE1D6}"
EndProject
Global
	GlobalSection(SolutionConfigurationPlatforms) = preSolution
		Debug|Any CPU = Debug|Any CPU
		Release|Any CPU = Release|Any CPU
	EndGlobalSection
	GlobalSection(SolutionProperties) = preSolution
		HideSolutionNode = FALSE
	EndGlobalSection
	GlobalSection(ProjectConfigurationPlatforms) = postSolution
		{7B3C8E94-05A0-4449-9CCA-5B11B50C022E}.Debug|Any CPU.ActiveCfg = Debug|Any CPU
		{7B3C8E94-05A0-4449-9CCA-5B11B50C022E}.Debug|Any CPU.Build.0 = Debug|Any CPU
		{7B3C8E94-05A0-4449-9CCA-5B11B50C022E}.Release|Any CPU.ActiveCfg = Release|Any CPU
		{7B3C8E94-05A0-4449-9CCA-5B11B50C022E}.Release|Any CPU.Build.0 = Release|Any CPU
		{D4F6912B-B11D-4422-AAC9-DD3AFC6BE1D6}.Debug|Any CPU.ActiveCfg = Debug|Any CPU
		{D4F6912B-B11D-4422-AAC9-DD3AFC6BE1D6}.Debug|Any CPU.Build.0 = Debug|Any CPU
		{D4F6912B-B11D-4422-AAC9-DD3AFC6BE1D6}.Release|Any CPU.ActiveCfg = Release|Any CPU
		{D4F6912B-B11D-4422-AAC9-DD3AFC6BE1D6}.Release|Any CPU.Build.0 = Release|Any CPU
	EndGlobalSection
EndGlobal
